
Microsoft Visual Studio Solution File, Format Version 12.00
# Visual Studio Version 17
VisualStudioVersion = 17.0.31919.166
MinimumVisualStudioVersion = 10.0.40219.1
Project("{FAE04EC0-301F-11D3-BF4B-00C04F79EFBC}") = "forca", "forca\forca.csproj", "{0230FA61-D8C9-45AD-9BBE-75A71D631821}"
EndProject
Global
	GlobalSection(SolutionConfigurationPlatforms) = preSolution
		Debug|Any CPU = Debug|Any CPU
		Release|Any CPU = Release|Any CPU
	EndGlobalSection
	GlobalSection(ProjectConfigurationPlatforms) = postSolution
		{0230FA61-D8C9-45AD-9BBE-75A71D631821}.Debug|Any CPU.ActiveCfg = Debug|Any CPU
		{0230FA61-D8C9-45AD-9BBE-75A71D631821}.Debug|Any CPU.Build.0 = Debug|Any CPU
		{0230FA61-D8C9-45AD-9BBE-75A71D631821}.Release|Any CPU.ActiveCfg = Release|Any CPU
		{0230FA61-D8C9-45AD-9BBE-75A71D631821}.Release|Any CPU.Build.0 = Release|Any CPU
	EndGlobalSection
	GlobalSection(SolutionProperties) = preSolution
		HideSolutionNode = FALSE
	EndGlobalSection
	GlobalSection(ExtensibilityGlobals) = postSolution
		SolutionGuid = {7D666004-05C0-4DD9-9E98-B0C8CA40F03F}
	EndGlobalSection
EndGlobal
